
Microsoft Visual Studio Solution File, Format Version 12.00
# Visual Studio Version 17
VisualStudioVersion = 17.14.36212.18
MinimumVisualStudioVersion = 10.0.40219.1
Project("{FAE04EC0-301F-11D3-BF4B-00C04F79EFBC}") = "CloudServer.UI", "CloudServer.UI\CloudServer.UI.csproj", "{2E39B36F-EEE6-4C26-84EF-17D67F4F037E}"
EndProject
Project("{FAE04EC0-301F-11D3-BF4B-00C04F79EFBC}") = "CloudServer.IdentityService", "CloudServer.IdentityService\CloudServer.IdentityService.csproj", "{6F4EE02B-3788-4BF8-9E09-1749A07970DB}"
EndProject
Project("{FAE04EC0-301F-11D3-BF4B-00C04F79EFBC}") = "CloudServer.Data", "CloudServer.Data\CloudServer.Data.csproj", "{C1193024-3FEA-4362-B2B6-6C8ABD1CE382}"
EndProject
Project("{FAE04EC0-301F-11D3-BF4B-00C04F79EFBC}") = "CloudServer.Common", "CloudServer.Common\CloudServer.Common.csproj", "{C376E4D5-7C49-4105-90C2-15F347134B65}"
EndProject
Global
	GlobalSection(SolutionConfigurationPlatforms) = preSolution
		Debug|Any CPU = Debug|Any CPU
		Release|Any CPU = Release|Any CPU
	EndGlobalSection
	GlobalSection(ProjectConfigurationPlatforms) = postSolution
		{2E39B36F-EEE6-4C26-84EF-17D67F4F037E}.Debug|Any CPU.ActiveCfg = Debug|Any CPU
		{2E39B36F-EEE6-4C26-84EF-17D67F4F037E}.Debug|Any CPU.Build.0 = Debug|Any CPU
		{2E39B36F-EEE6-4C26-84EF-17D67F4F037E}.Release|Any CPU.ActiveCfg = Release|Any CPU
		{2E39B36F-EEE6-4C26-84EF-17D67F4F037E}.Release|Any CPU.Build.0 = Release|Any CPU
		{6F4EE02B-3788-4BF8-9E09-1749A07970DB}.Debug|Any CPU.ActiveCfg = Debug|Any CPU
		{6F4EE02B-3788-4BF8-9E09-1749A07970DB}.Debug|Any CPU.Build.0 = Debug|Any CPU
		{6F4EE02B-3788-4BF8-9E09-1749A07970DB}.Release|Any CPU.ActiveCfg = Release|Any CPU
		{6F4EE02B-3788-4BF8-9E09-1749A07970DB}.Release|Any CPU.Build.0 = Release|Any CPU
		{C1193024-3FEA-4362-B2B6-6C8ABD1CE382}.Debug|Any CPU.ActiveCfg = Debug|Any CPU
		{C1193024-3FEA-4362-B2B6-6C8ABD1CE382}.Debug|Any CPU.Build.0 = Debug|Any CPU
		{C1193024-3FEA-4362-B2B6-6C8ABD1CE382}.Release|Any CPU.ActiveCfg = Release|Any CPU
		{C1193024-3FEA-4362-B2B6-6C8ABD1CE382}.Release|Any CPU.Build.0 = Release|Any CPU
		{C376E4D5-7C49-4105-90C2-15F347134B65}.Debug|Any CPU.ActiveCfg = Debug|Any CPU
		{C376E4D5-7C49-4105-90C2-15F347134B65}.Debug|Any CPU.Build.0 = Debug|Any CPU
		{C376E4D5-7C49-4105-90C2-15F347134B65}.Release|Any CPU.ActiveCfg = Release|Any CPU
		{C376E4D5-7C49-4105-90C2-15F347134B65}.Release|Any CPU.Build.0 = Release|Any CPU
	EndGlobalSection
	GlobalSection(SolutionProperties) = preSolution
		HideSolutionNode = FALSE
	EndGlobalSection
	GlobalSection(ExtensibilityGlobals) = postSolution
		SolutionGuid = {AC4007CE-BDD8-4DA9-8592-E4A172A1E9A2}
	EndGlobalSection
EndGlobal
